hash: 7530e8f804f9954fc29fbca473994b8edb990a4837f96fa7cbee663634b059a3
updated: 2018-07-16T15:35:22.856147+07:00
imports:
- name: github.com/armon/go-metrics
  version: 783273d703149aaeb9897cf58613d5af48861c25
- name: github.com/BaritoLog/go-boilerplate
  version: 20c4c30023960bc27eb5e4662207a0bcaae04f11
  subpackages:
  - envkit
  - errkit
  - httpkit
  - saramatestkit
  - slicekit
  - srvkit
  - testkit
  - timekit
- name: github.com/BaritoLog/instru
  version: 2b8229c5a28aa0155edf89e86e10a09e360f5c3d
- name: github.com/bouk/monkey
  version: 5df1f207ff77e025801505ae4d903133a0b4353f
- name: github.com/bsm/sarama-cluster
  version: cf455bc755fe41ac9bb2861e7a961833d9c2ecc3
- name: github.com/davecgh/go-spew
  version: 8991bc29aa16c548c550c7ff78260e27b9ab7c73
  subpackages:
  - spew
- name: github.com/eapache/go-resiliency
  version: ea41b0fad31007accc7f806884dcdf3da98b79ce
  subpackages:
  - breaker
- name: github.com/eapache/go-xerial-snappy
  version: bb955e01b9346ac19dc29eb16586c90ded99a98c
- name: github.com/eapache/queue
  version: 093482f3f8ce946c05bcba64badd2c82369e084d
- name: github.com/golang/mock
  version: 22bbf0ddf08105dfa364d0a2fa619dfa71014af5
  subpackages:
  - gomock
- name: github.com/golang/snappy
  version: 2e65f85255dbc3072edf28d6b5b8efc472979f5a
- name: github.com/hashicorp/consul
  version: 5174058f0d2bda63fa5198ab96c33d9a909c58ed
  subpackages:
  - api
- name: github.com/hashicorp/go-cleanhttp
  version: d5fe4b57a186c716b0e00b8c301cbd9b4182694d
- name: github.com/hashicorp/go-immutable-radix
  version: 7f3cd4390caab3250a57f30efdb2a65dd7649ecf
- name: github.com/hashicorp/go-rootcerts
  version: 6bb64b370b90e7ef1fa532be9e591a81c3493e00
- name: github.com/hashicorp/golang-lru
  version: 0fb14efe8c47ae851c0034ed7a448854d3d34cf3
  subpackages:
  - simplelru
- name: github.com/hashicorp/serf
  version: 984a73625de3138f44deb38d00878fab39eb6447
  subpackages:
  - coordinate
- name: github.com/mailru/easyjson
  version: 9825584555aa620c53c265d4a09ace0df1346fd9
  subpackages:
  - buffer
  - jlexer
  - jwriter
- name: github.com/mitchellh/go-homedir
  version: 3864e76763d94a6df2f9960b16a20a33da9f9a66
- name: github.com/olivere/elastic
  version: dabcc5de0a3fd6313870c223c3119e2b1e942ba3
  subpackages:
  - config
  - uritemplates
- name: github.com/pierrec/lz4
  version: ed8d4cc3b461464e69798080a0092bd028910298
- name: github.com/pierrec/xxHash
  version: a0006b13c722f7f12368c00a3d3c2ae8a999a0c6
  subpackages:
  - xxHash32
- name: github.com/pkg/errors
  version: 816c9085562cd7ee03e7f8188a1cfd942858cded
- name: github.com/rcrowley/go-metrics
  version: e2704e165165ec55d062f5919b4b29494e9fa790
- name: github.com/Shopify/sarama
  version: 35324cf48e33d8260e1c7c18854465a904ade249
- name: github.com/sirupsen/logrus
  version: c155da19408a8799da419ed3eeb0cb5db0ad5dbc
- name: github.com/urfave/cli
  version: cfb38830724cc34fedffe9a2a29fb54fa9169cd1
- name: golang.org/x/crypto
  version: df8d4716b3472e4a531c33cedbe537dae921a1a9
  subpackages:
  - ssh/terminal
- name: golang.org/x/net
  version: 1e491301e022f8f977054da4c2d852decd59571f
  subpackages:
  - context
- name: golang.org/x/sys
  version: c11f84a56e43e20a78cee75a7c034031ecf57d1f
  subpackages:
  - unix
  - windows
testImports: []
